
Microsoft Visual Studio Solution File, Format Version 12.00
# Visual Studio 14
VisualStudioVersion = 14.0.25420.1
MinimumVisualStudioVersion = 10.0.40219.1
Project("{FAE04EC0-301F-11D3-BF4B-00C04F79EFBC}") = "Task01", "Task01\Task01.csproj", "{7993DDD3-DC65-4FBD-8F6D-125F13E7CC48}"
EndProject
Project("{FAE04EC0-301F-11D3-BF4B-00C04F79EFBC}") = "Task02", "Task02\Task02.csproj", "{016CABE8-D10A-4DD4-B96E-4AC8479A88D1}"
EndProject
Global
	GlobalSection(SolutionConfigurationPlatforms) = preSolution
		Debug|Any CPU = Debug|Any CPU
		Release|Any CPU = Release|Any CPU
	EndGlobalSection
	GlobalSection(ProjectConfigurationPlatforms) = postSolution
		{7993DDD3-DC65-4FBD-8F6D-125F13E7CC48}.Debug|Any CPU.ActiveCfg = Debug|Any CPU
		{7993DDD3-DC65-4FBD-8F6D-125F13E7CC48}.Debug|Any CPU.Build.0 = Debug|Any CPU
		{7993DDD3-DC65-4FBD-8F6D-125F13E7CC48}.Release|Any CPU.ActiveCfg = Release|Any CPU
		{7993DDD3-DC65-4FBD-8F6D-125F13E7CC48}.Release|Any CPU.Build.0 = Release|Any CPU
		{016CABE8-D10A-4DD4-B96E-4AC8479A88D1}.Debug|Any CPU.ActiveCfg = Debug|Any CPU
		{016CABE8-D10A-4DD4-B96E-4AC8479A88D1}.Debug|Any CPU.Build.0 = Debug|Any CPU
		{016CABE8-D10A-4DD4-B96E-4AC8479A88D1}.Release|Any CPU.ActiveCfg = Release|Any CPU
		{016CABE8-D10A-4DD4-B96E-4AC8479A88D1}.Release|Any CPU.Build.0 = Release|Any CPU
	EndGlobalSection
	GlobalSection(SolutionProperties) = preSolution
		HideSolutionNode = FALSE
	EndGlobalSection
EndGlobal
